
Microsoft Visual Studio Solution File, Format Version 12.00
# Visual Studio Version 16
VisualStudioVersion = 16.0.31729.503
MinimumVisualStudioVersion = 10.0.40219.1
Project("{FAE04EC0-301F-11D3-BF4B-00C04F79EFBC}") = "checkit", "checkit\checkit.csproj", "{68342299-D66F-406B-BEEF-43F40D8AB000}"
EndProject
Global
	GlobalSection(SolutionConfigurationPlatforms) = preSolution
		Debug|Any CPU = Debug|Any CPU
		Release|Any CPU = Release|Any CPU
	EndGlobalSection
	GlobalSection(ProjectConfigurationPlatforms) = postSolution
		{68342299-D66F-406B-BEEF-43F40D8AB000}.Debug|Any CPU.ActiveCfg = Debug|Any CPU
		{68342299-D66F-406B-BEEF-43F40D8AB000}.Debug|Any CPU.Build.0 = Debug|Any CPU
		{68342299-D66F-406B-BEEF-43F40D8AB000}.Release|Any CPU.ActiveCfg = Release|Any CPU
		{68342299-D66F-406B-BEEF-43F40D8AB000}.Release|Any CPU.Build.0 = Release|Any CPU
	EndGlobalSection
	GlobalSection(SolutionProperties) = preSolution
		HideSolutionNode = FALSE
	EndGlobalSection
	GlobalSection(ExtensibilityGlobals) = postSolution
		SolutionGuid = {87F4F259-CE65-4882-9692-FAE5BF2B8C53}
	EndGlobalSection
EndGlobal
